<Solution>
  <Folder Name="/src/">
    <Project Path="src/SQLProvider.Fable.Ado/SQLProvider.Fable.Ado.fsproj" />
    <Project Path="src/SQLProvider.Fable.Core/SQLProvider.Fable.Core.fsproj" />
    <Project Path="src/SQLProvider.Fable.Rust/SQLProvider.Fable.Rust.fsproj" />
  </Folder>
  <Folder Name="/tests/">
    <Project Path="tests/SQLProvider.Fable.SmokeTests/SQLProvider.Fable.SmokeTests.fsproj" />
    <Project Path="tests/SQLProvider.Fable.Tests.Net/SQLProvider.Fable.Tests.Net.fsproj" />
  </Folder>
  <Folder Name="/tests/Rust/">
    <Project Path="tests/Rust/SQLProvider.Fable.Tests.Rust.fsproj" />
  </Folder>
</Solution>
